// !$*UTF8*$!
{
	archiveVersion = 1;
	classes = {
	};
	objectVersion = 50;
	objects = {

/* Begin PBXBuildFile section */
		C18A3EE923EDB8FA002246EA /* AppDelegate.swift in Sources */ = {isa = PBXBuildFile; fileRef = C18A3EE823EDB8FA002246EA /* AppDelegate.swift */; };
		C18A3EEB23EDB8FA002246EA /* SceneDelegate.swift in Sources */ = {isa = PBXBuildFile; fileRef = C18A3EEA23EDB8FA002246EA /* SceneDelegate.swift */; };
		C18A3EED23EDB8FA002246EA /* ViewController.swift in Sources */ = {isa = PBXBuildFile; fileRef = C18A3EEC23EDB8FA002246EA /* ViewController.swift */; };
		C18A3EF023EDB8FA002246EA /* Main.storyboard in Resources */ = {isa = PBXBuildFile; fileRef = C18A3EEE23EDB8FA002246EA /* Main.storyboard */; };
		C18A3EF223EDB8FC002246EA /* Assets.xcassets in Resources */ = {isa = PBXBuildFile; fileRef = C18A3EF123EDB8FC002246EA /* Assets.xcassets */; };
		C18A3EF523EDB8FC002246EA /* LaunchScreen.storyboard in Resources */ = {isa = PBXBuildFile; fileRef = C18A3EF323EDB8FC002246EA /* LaunchScreen.storyboard */; };
/* End PBXBuildFile section */

/* Begin PBXFileReference section */
		C18A3EE523EDB8FA002246EA /* RxSwiftAPI.app */ = {isa = PBXFileReference; explicitFileType = wrapper.application; includeInIndex = 0; path = RxSwiftAPI.app; sourceTree = BUILT_PRODUCTS_DIR; };
		C18A3EE823EDB8FA002246EA /* AppDelegate.swift */ = {isa = PBXFileReference; lastKnownFileType = sourcecode.swift; path = AppDelegate.swift; sourceTree = "<group>"; };
		C18A3EEA23EDB8FA002246EA /* SceneDelegate.swift */ = {isa = PBXFileReference; lastKnownFileType = sourcecode.swift; path = SceneDelegate.swift; sourceTree = "<group>"; };
		C18A3EEC23EDB8FA002246EA /* ViewController.swift */ = {isa = PBXFileReference; lastKnownFileType = sourcecode.swift; path = ViewController.swift; sourceTree = "<group>"; };
		C18A3EEF23EDB8FA002246EA /* Base */ = {isa = PBXFileReference; lastKnownFileType = file.storyboard; name = Base; path = Base.lproj/Main.storyboard; sourceTree = "<group>"; };
		C18A3EF123EDB8FC002246EA /* Assets.xcassets */ = {isa = PBXFileReference; lastKnownFileType = folder.assetcatalog; path = Assets.xcassets; sourceTree = "<group>"; };
		C18A3EF423EDB8FC002246EA /* Base */ = {isa = PBXFileReference; lastKnownFileType = file.storyboard; name = Base; path = Base.lproj/LaunchScreen.storyboard; sourceTree = "<group>"; };
		C18A3EF623EDB8FC002246EA /* Info.plist */ = {isa = PBXFileReference; lastKnownFileType = text.plist.xml; path = Info.plist; sourceTree = "<group>"; };
/* End PBXFileReference section */

/* Begin PBXFrameworksBuildPhase section */
		C18A3EE223EDB8FA002246EA /* Frameworks */ = {
			isa = PBXFrameworksBuildPhase;
			buildActionMask = 2147483647;
			files = (
			);
			runOnlyForDeploymentPostprocessing = 0;
		};
/* End PBXFrameworksBuildPhase section */

/* Begin PBXGroup section */
		C18A3EDC23EDB8FA002246EA = {
			isa = PBXGroup;
			children = (
				C18A3EE723EDB8FA002246EA /* RxSwiftAPI */,
				C18A3EE623EDB8FA002246EA /* Products */,
			);
			sourceTree = "<group>";
		};
		C18A3EE623EDB8FA002246EA /* Products */ = {
			isa = PBXGroup;
			children = (
				C18A3EE523EDB8FA002246EA /* RxSwiftAPI.app */,
			);
			name = Products;
			sourceTree = "<group>";
		};
		C18A3EE723EDB8FA002246EA /* RxSwiftAPI */ = {
			isa = PBXGroup;
			children = (
				C18A3EE823EDB8FA002246EA /* AppDelegate.swift */,
				C18A3EEA23EDB8FA002246EA /* SceneDelegate.swift */,
				C18A3EEC23EDB8FA002246EA /* ViewController.swift */,
				C18A3EEE23EDB8FA002246EA /* Main.storyboard */,
				C18A3EF123EDB8FC002246EA /* Assets.xcassets */,
				C18A3EF323EDB8FC002246EA /* LaunchScreen.storyboard */,
				C18A3EF623EDB8FC002246EA /* Info.plist */,
			);
			path = RxSwiftAPI;
			sourceTree = "<group>";
		};
/* End PBXGroup section */

/* Begin PBXNativeTarget section */
		C18A3EE423EDB8FA002246EA /* RxSwiftAPI */ = {
			isa = PBXNativeTarget;
			buildConfigurationList = C18A3EF923EDB8FC002246EA /* Build configuration list for PBXNativeTarget "RxSwiftAPI" */;
			buildPhases = (
				C18A3EE123EDB8FA002246EA /* Sources */,
				C18A3EE223EDB8FA002246EA /* Frameworks */,
				C18A3EE323EDB8FA002246EA /* Resources */,
			);
			buildRules = (
			);
			dependencies = (
			);
			name = RxSwiftAPI;
			productName = RxSwiftAPI;
			productReference = C18A3EE523EDB8FA002246EA /* RxSwiftAPI.app */;
			productType = "com.apple.product-type.application";
		};
/* End PBXNativeTarget section */

/* Begin PBXProject section */
		C18A3EDD23EDB8FA002246EA /* Project object */ = {
			isa = PBXProject;
			attributes = {
				LastSwiftUpdateCheck = 1130;
				LastUpgradeCheck = 1130;
				ORGANIZATIONNAME = "Philip Twal";
				TargetAttributes = {
					C18A3EE423EDB8FA002246EA = {
						CreatedOnToolsVersion = 11.3.1;
					};
				};
			};
			buildConfigurationList = C18A3EE023EDB8FA002246EA /* Build configuration list for PBXProject "RxSwiftAPI" */;
			compatibilityVersion = "Xcode 9.3";
			developmentRegion = en;
			hasScannedForEncodings = 0;
			knownRegions = (
				en,
				Base,
			);
			mainGroup = C18A3EDC23EDB8FA002246EA;
			productRefGroup = C18A3EE623EDB8FA002246EA /* Products */;
			projectDirPath = "";
			projectRoot = "";
			targets = (
				C18A3EE423EDB8FA002246EA /* RxSwiftAPI */,
			);
		};
/* End PBXProject section */

/* Begin PBXResourcesBuildPhase section */
		C18A3EE323EDB8FA002246EA /* Resources */ = {
			isa = PBXResourcesBuildPhase;
			buildActionMask = 2147483647;
			files = (
				C18A3EF523EDB8FC002246EA /* LaunchScreen.storyboard in Resources */,
				C18A3EF223EDB8FC002246EA /* Assets.xcassets in Resources */,
				C18A3EF023EDB8FA002246EA /* Main.storyboard in Resources */,
			);
			runOnlyForDeploymentPostprocessing = 0;
		};
/* End PBXResourcesBuildPhase section */

/* Begin PBXSourcesBuildPhase section */
		C18A3EE123EDB8FA002246EA /* Sources */ = {
			isa = PBXSourcesBuildPhase;
			buildActionMask = 2147483647;
			files = (
				C18A3EED23EDB8FA002246EA /* ViewController.swift in Sources */,
				C18A3EE923EDB8FA002246EA /* AppDelegate.swift in Sources */,
				C18A3EEB23EDB8FA002246EA /* SceneDelegate.swift in Sources */,
			);
			runOnlyForDeploymentPostprocessing = 0;
		};
/* End PBXSourcesBuildPhase section */

/* Begin PBXVariantGroup section */
		C18A3EEE23EDB8FA002246EA /* Main.storyboard */ = {
			isa = PBXVariantGroup;
			children = (
				C18A3EEF23EDB8FA002246EA /* Base */,
			);
			name = Main.storyboard;
			sourceTree = "<group>";
		};
		C18A3EF323EDB8FC002246EA /* LaunchScreen.storyboard */ = {
			isa = PBXVariantGroup;
			children = (
				C18A3EF423EDB8FC002246EA /* Base */,
			);
			name = LaunchScreen.storyboard;
			sourceTree = "<group>";
		};
/* End PBXVariantGroup section */

/* Begin XCBuildConfiguration section */
		C18A3EF723EDB8FC002246EA /* Debug */ = {
			isa = XCBuildConfiguration;
			buildSettings = {
				ALWAYS_SEARCH_USER_PATHS = NO;
				CLANG_ANALYZER_NONNULL = YES;
				CLANG_ANALYZER_NUMBER_OBJECT_CONVERSION = YES_AGGRESSIVE;
				CLANG_CXX_LANGUAGE_STANDARD = "gnu++14";
				CLANG_CXX_LIBRARY = "libc++";
				CLANG_ENABLE_MODULES = YES;
				CLANG_ENABLE_OBJC_ARC = YES;
				CLANG_ENABLE_OBJC_WEAK = YES;
				CLANG_WARN_BLOCK_CAPTURE_AUTORELEASING = YES;
				CLANG_WARN_BOOL_CONVERSION = YES;
				CLANG_WARN_COMMA = YES;
				CLANG_WARN_CONSTANT_CONVERSION = YES;
				CLANG_WARN_DEPRECATED_OBJC_IMPLEMENTATIONS = YES;
				CLANG_WARN_DIRECT_OBJC_ISA_USAGE = YES_ERROR;
				CLANG_WARN_DOCUMENTATION_COMMENTS = YES;
				CLANG_WARN_EMPTY_BODY = YES;
				CLANG_WARN_ENUM_CONVERSION = YES;
				CLANG_WARN_INFINITE_RECURSION = YES;
				CLANG_WARN_INT_CONVERSION = YES;
				CLANG_WARN_NON_LITERAL_NULL_CONVERSION = YES;
				CLANG_WARN_OBJC_IMPLICIT_RETAIN_SELF = YES;
				CLANG_WARN_OBJC_LITERAL_CONVERSION = YES;
				CLANG_WARN_OBJC_ROOT_CLASS = YES_ERROR;
				CLANG_WARN_RANGE_LOOP_ANALYSIS = YES;
				CLANG_WARN_STRICT_PROTOTYPES = YES;
				CLANG_WARN_SUSPICIOUS_MOVE = YES;
				CLANG_WARN_UNGUARDED_AVAILABILITY = YES_AGGRESSIVE;
				CLANG_WARN_UNREACHABLE_CODE = YES;
				CLANG_WARN__DUPLICATE_METHOD_MATCH = YES;
				COPY_PHASE_STRIP = NO;
				DEBUG_INFORMATION_FORMAT = dwarf;
				ENABLE_STRICT_OBJC_MSGSEND = YES;
				ENABLE_TESTABILITY = YES;
				GCC_C_LANGUAGE_STANDARD = gnu11;
				GCC_DYNAMIC_NO_PIC = NO;
				GCC_NO_COMMON_BLOCKS = YES;
				GCC_OPTIMIZATION_LEVEL = 0;
				GCC_PREPROCESSOR_DEFINITIONS = (
					"DEBUG=1",
					"$(inherited)",
				);
				GCC_WARN_64_TO_32_BIT_CONVERSION = YES;
				GCC_WARN_ABOUT_RETURN_TYPE = YES_ERROR;
				GCC_WARN_UNDECLARED_SELECTOR = YES;
				GCC_WARN_UNINITIALIZED_AUTOS = YES_AGGRESSIVE;
				GCC_WARN_UNUSED_FUNCTION = YES;
				GCC_WARN_UNUSED_VARIABLE = YES;
				IPHONEOS_DEPLOYMENT_TARGET = 13.2;
				MTL_ENABLE_DEBUG_INFO = INCLUDE_SOURCE;
				MTL_FAST_MATH = YES;
				ONLY_ACTIVE_ARCH = YES;
				SDKROOT = iphoneos;
				SWIFT_ACTIVE_COMPILATION_CONDITIONS = DEBUG;
				SWIFT_OPTIMIZATION_LEVEL = "-Onone";
			};
			name = Debug;
		};
		C18A3EF823EDB8FC002246EA /* Release */ = {
			isa = XCBuildConfiguration;
			buildSettings = {
				ALWAYS_SEARCH_USER_PATHS = NO;
				CLANG_ANALYZER_NONNULL = YES;
				CLANG_ANALYZER_NUMBER_OBJECT_CONVERSION = YES_AGGRESSIVE;
				CLANG_CXX_LANGUAGE_STANDARD = "gnu++14";
				CLANG_CXX_LIBRARY = "libc++";
				CLANG_ENABLE_MODULES = YES;
				CLANG_ENABLE_OBJC_ARC = YES;
				CLANG_ENABLE_OBJC_WEAK = YES;
				CLANG_WARN_BLOCK_CAPTURE_AUTORELEASING = YES;
				CLANG_WARN_BOOL_CONVERSION = YES;
				CLANG_WARN_COMMA = YES;
				CLANG_WARN_CONSTANT_CONVERSION = YES;
				CLANG_WARN_DEPRECATED_OBJC_IMPLEMENTATIONS = YES;
				CLANG_WARN_DIRECT_OBJC_ISA_USAGE = YES_ERROR;
				CLANG_WARN_DOCUMENTATION_COMMENTS = YES;
				CLANG_WARN_EMPTY_BODY = YES;
				CLANG_WARN_ENUM_CONVERSION = YES;
				CLANG_WARN_INFINITE_RECURSION = YES;
				CLANG_WARN_INT_CONVERSION = YES;
				CLANG_WARN_NON_LITERAL_NULL_CONVERSION = YES;
				CLANG_WARN_OBJC_IMPLICIT_RETAIN_SELF = YES;
				CLANG_WARN_OBJC_LITERAL_CONVERSION = YES;
				CLANG_WARN_OBJC_ROOT_CLASS = YES_ERROR;
				CLANG_WARN_RANGE_LOOP_ANALYSIS = YES;
				CLANG_WARN_STRICT_PROTOTYPES = YES;
				CLANG_WARN_SUSPICIOUS_MOVE = YES;
				CLANG_WARN_UNGUARDED_AVAILABILITY = YES_AGGRESSIVE;
				CLANG_WARN_UNREACHABLE_CODE = YES;
				CLANG_WARN__DUPLICATE_METHOD_MATCH = YES;
				COPY_PHASE_STRIP = NO;
				DEBUG_INFORMATION_FORMAT = "dwarf-with-dsym";
				ENABLE_NS_ASSERTIONS = NO;
				ENABLE_STRICT_OBJC_MSGSEND = YES;
				GCC_C_LANGUAGE_STANDARD = gnu11;
				GCC_NO_COMMON_BLOCKS = YES;
				GCC_WARN_64_TO_32_BIT_CONVERSION = YES;
				GCC_WARN_ABOUT_RETURN_TYPE = YES_ERROR;
				GCC_WARN_UNDECLARED_SELECTOR = YES;
				GCC_WARN_UNINITIALIZED_AUTOS = YES_AGGRESSIVE;
				GCC_WARN_UNUSED_FUNCTION = YES;
				GCC_WARN_UNUSED_VARIABLE = YES;
				IPHONEOS_DEPLOYMENT_TARGET = 13.2;
				MTL_ENABLE_DEBUG_INFO = NO;
				MTL_FAST_MATH = YES;
				SDKROOT = iphoneos;
				SWIFT_COMPILATION_MODE = wholemodule;
				SWIFT_OPTIMIZATION_LEVEL = "-O";
				VALIDATE_PRODUCT = YES;
			};
			name = Release;
		};
		C18A3EFA23EDB8FC002246EA /* Debug */ = {
			isa = XCBuildConfiguration;
			buildSettings = {
				ASSETCATALOG_COMPILER_APPICON_NAME = AppIcon;
				CODE_SIGN_STYLE = Automatic;
				INFOPLIST_FILE = RxSwiftAPI/Info.plist;
				LD_RUNPATH_SEARCH_PATHS = (
					"$(inherited)",
					"@executable_path/Frameworks",
				);
				PRODUCT_BUNDLE_IDENTIFIER = com.philiptwal.RxSwiftAPI;
				PRODUCT_NAME = "$(TARGET_NAME)";
				SWIFT_VERSION = 5.0;
				TARGETED_DEVICE_FAMILY = "1,2";
			};
			name = Debug;
		};
		C18A3EFB23EDB8FC002246EA /* Release */ = {
			isa = XCBuildConfiguration;
			buildSettings = {
				ASSETCATALOG_COMPILER_APPICON_NAME = AppIcon;
				CODE_SIGN_STYLE = Automatic;
				INFOPLIST_FILE = RxSwiftAPI/Info.plist;
				LD_RUNPATH_SEARCH_PATHS = (
					"$(inherited)",
					"@executable_path/Frameworks",
				);
				PRODUCT_BUNDLE_IDENTIFIER = com.philiptwal.RxSwiftAPI;
				PRODUCT_NAME = "$(TARGET_NAME)";
				SWIFT_VERSION = 5.0;
				TARGETED_DEVICE_FAMILY = "1,2";
			};
			name = Release;
		};
/* End XCBuildConfiguration section */

/* Begin XCConfigurationList section */
		C18A3EE023EDB8FA002246EA /* Build configuration list for PBXProject "RxSwiftAPI" */ = {
			isa = XCConfigurationList;
			buildConfigurations = (
				C18A3EF723EDB8FC002246EA /* Debug */,
				C18A3EF823EDB8FC002246EA /* Release */,
			);
			defaultConfigurationIsVisible = 0;
			defaultConfigurationName = Release;
		};
		C18A3EF923EDB8FC002246EA /* Build configuration list for PBXNativeTarget "RxSwiftAPI" */ = {
			isa = XCConfigurationList;
			buildConfigurations = (
				C18A3EFA23EDB8FC002246EA /* Debug */,
				C18A3EFB23EDB8FC002246EA /* Release */,
			);
			defaultConfigurationIsVisible = 0;
			defaultConfigurationName = Release;
		};
/* End XCConfigurationList section */
	};
	rootObject = C18A3EDD23EDB8FA002246EA /* Project object */;
}
